
Microsoft Visual Studio Solution File, Format Version 12.00
# Visual Studio 15
VisualStudioVersion = 15.0.28307.168
MinimumVisualStudioVersion = 10.0.40219.1
Project("{FAE04EC0-301F-11D3-BF4B-00C04F79EFBC}") = "NativeCheckoutV2", "NativeCheckoutV2\NativeCheckoutV2.csproj", "{F344805D-991B-4F32-BE91-47B64B2F08D6}"
EndProject
Global
	GlobalSection(SolutionConfigurationPlatforms) = preSolution
		Debug|Any CPU = Debug|Any CPU
		Release|Any CPU = Release|Any CPU
	EndGlobalSection
	GlobalSection(ProjectConfigurationPlatforms) = postSolution
		{F344805D-991B-4F32-BE91-47B64B2F08D6}.Debug|Any CPU.ActiveCfg = Debug|Any CPU
		{F344805D-991B-4F32-BE91-47B64B2F08D6}.Debug|Any CPU.Build.0 = Debug|Any CPU
		{F344805D-991B-4F32-BE91-47B64B2F08D6}.Release|Any CPU.ActiveCfg = Release|Any CPU
		{F344805D-991B-4F32-BE91-47B64B2F08D6}.Release|Any CPU.Build.0 = Release|Any CPU
	EndGlobalSection
	GlobalSection(SolutionProperties) = preSolution
		HideSolutionNode = FALSE
	EndGlobalSection
	GlobalSection(ExtensibilityGlobals) = postSolution
		SolutionGuid = {CAA0E589-63C3-4CE9-AAC9-CE434DC4095A}
	EndGlobalSection
EndGlobal
