// !$*UTF8*$!
{
	archiveVersion = 1;
	classes = {
	};
	objectVersion = 46;
	objects = {

/* Begin PBXBuildFile section */
		F1C2BABC1A25E6170032FAE9 /* main.m in Sources */ = {isa = PBXBuildFile; fileRef = F1C2BABB1A25E6170032FAE9 /* main.m */; };
		F1C2BABF1A25E6170032FAE9 /* AppDelegate.m in Sources */ = {isa = PBXBuildFile; fileRef = F1C2BABE1A25E6170032FAE9 /* AppDelegate.m */; };
		F1C2BAC21A25E6170032FAE9 /* ViewController.m in Sources */ = {isa = PBXBuildFile; fileRef = F1C2BAC11A25E6170032FAE9 /* ViewController.m */; };
		F1C2BAC51A25E6170032FAE9 /* Main.storyboard in Resources */ = {isa = PBXBuildFile; fileRef = F1C2BAC31A25E6170032FAE9 /* Main.storyboard */; };
		F1C2BAC71A25E6170032FAE9 /* Images.xcassets in Resources */ = {isa = PBXBuildFile; fileRef = F1C2BAC61A25E6170032FAE9 /* Images.xcassets */; };
		F1C2BACA1A25E6170032FAE9 /* LaunchScreen.xib in Resources */ = {isa = PBXBuildFile; fileRef = F1C2BAC81A25E6170032FAE9 /* LaunchScreen.xib */; };
		F1C2BAD61A25E6170032FAE9 /* PaymentDemoTests.m in Sources */ = {isa = PBXBuildFile; fileRef = F1C2BAD51A25E6170032FAE9 /* PaymentDemoTests.m */; };
		F1C2BAE11A25E63C0032FAE9 /* MobileAPI.m in Sources */ = {isa = PBXBuildFile; fileRef = F1C2BADF1A25E63C0032FAE9 /* MobileAPI.m */; };
/* End PBXBuildFile section */

/* Begin PBXContainerItemProxy section */
		F1C2BAD01A25E6170032FAE9 /* PBXContainerItemProxy */ = {
			isa = PBXContainerItemProxy;
			containerPortal = F1C2BAAE1A25E6170032FAE9 /* Project object */;
			proxyType = 1;
			remoteGlobalIDString = F1C2BAB51A25E6170032FAE9;
			remoteInfo = PaymentDemo;
		};
/* End PBXContainerItemProxy section */

/* Begin PBXFileReference section */
		F1C2BAB61A25E6170032FAE9 /* PaymentDemo.app */ = {isa = PBXFileReference; explicitFileType = wrapper.application; includeInIndex = 0; path = PaymentDemo.app; sourceTree = BUILT_PRODUCTS_DIR; };
		F1C2BABA1A25E6170032FAE9 /* Info.plist */ = {isa = PBXFileReference; lastKnownFileType = text.plist.xml; path = Info.plist; sourceTree = "<group>"; };
		F1C2BABB1A25E6170032FAE9 /* main.m */ = {isa = PBXFileReference; lastKnownFileType = sourcecode.c.objc; path = main.m; sourceTree = "<group>"; };
		F1C2BABD1A25E6170032FAE9 /* AppDelegate.h */ = {isa = PBXFileReference; lastKnownFileType = sourcecode.c.h; path = AppDelegate.h; sourceTree = "<group>"; };
		F1C2BABE1A25E6170032FAE9 /* AppDelegate.m */ = {isa = PBXFileReference; lastKnownFileType = sourcecode.c.objc; path = AppDelegate.m; sourceTree = "<group>"; };
		F1C2BAC01A25E6170032FAE9 /* ViewController.h */ = {isa = PBXFileReference; lastKnownFileType = sourcecode.c.h; path = ViewController.h; sourceTree = "<group>"; };
		F1C2BAC11A25E6170032FAE9 /* ViewController.m */ = {isa = PBXFileReference; lastKnownFileType = sourcecode.c.objc; path = ViewController.m; sourceTree = "<group>"; };
		F1C2BAC41A25E6170032FAE9 /* Base */ = {isa = PBXFileReference; lastKnownFileType = file.storyboard; name = Base; path = Base.lproj/Main.storyboard; sourceTree = "<group>"; };
		F1C2BAC61A25E6170032FAE9 /* Images.xcassets */ = {isa = PBXFileReference; lastKnownFileType = folder.assetcatalog; path = Images.xcassets; sourceTree = "<group>"; };
		F1C2BAC91A25E6170032FAE9 /* Base */ = {isa = PBXFileReference; lastKnownFileType = file.xib; name = Base; path = Base.lproj/LaunchScreen.xib; sourceTree = "<group>"; };
		F1C2BACF1A25E6170032FAE9 /* PaymentDemoTests.xctest */ = {isa = PBXFileReference; explicitFileType = wrapper.cfbundle; includeInIndex = 0; path = PaymentDemoTests.xctest; sourceTree = BUILT_PRODUCTS_DIR; };
		F1C2BAD41A25E6170032FAE9 /* Info.plist */ = {isa = PBXFileReference; lastKnownFileType = text.plist.xml; path = Info.plist; sourceTree = "<group>"; };
		F1C2BAD51A25E6170032FAE9 /* PaymentDemoTests.m */ = {isa = PBXFileReference; lastKnownFileType = sourcecode.c.objc; path = PaymentDemoTests.m; sourceTree = "<group>"; };
		F1C2BADF1A25E63C0032FAE9 /* MobileAPI.m */ = {isa = PBXFileReference; fileEncoding = 4; lastKnownFileType = sourcecode.c.objc; path = MobileAPI.m; sourceTree = "<group>"; };
		F1C2BAE01A25E63C0032FAE9 /* MobileAPI.h */ = {isa = PBXFileReference; fileEncoding = 4; lastKnownFileType = sourcecode.c.h; path = MobileAPI.h; sourceTree = "<group>"; };
/* End PBXFileReference section */

/* Begin PBXFrameworksBuildPhase section */
		F1C2BAB31A25E6170032FAE9 /* Frameworks */ = {
			isa = PBXFrameworksBuildPhase;
			buildActionMask = 2147483647;
			files = (
			);
			runOnlyForDeploymentPostprocessing = 0;
		};
		F1C2BACC1A25E6170032FAE9 /* Frameworks */ = {
			isa = PBXFrameworksBuildPhase;
			buildActionMask = 2147483647;
			files = (
			);
			runOnlyForDeploymentPostprocessing = 0;
		};
/* End PBXFrameworksBuildPhase section */

/* Begin PBXGroup section */
		F1C2BAAD1A25E6170032FAE9 = {
			isa = PBXGroup;
			children = (
				F1C2BAB81A25E6170032FAE9 /* PaymentDemo */,
				F1C2BAD21A25E6170032FAE9 /* PaymentDemoTests */,
				F1C2BAB71A25E6170032FAE9 /* Products */,
			);
			sourceTree = "<group>";
		};
		F1C2BAB71A25E6170032FAE9 /* Products */ = {
			isa = PBXGroup;
			children = (
				F1C2BAB61A25E6170032FAE9 /* PaymentDemo.app */,
				F1C2BACF1A25E6170032FAE9 /* PaymentDemoTests.xctest */,
			);
			name = Products;
			sourceTree = "<group>";
		};
		F1C2BAB81A25E6170032FAE9 /* PaymentDemo */ = {
			isa = PBXGroup;
			children = (
				F1C2BABD1A25E6170032FAE9 /* AppDelegate.h */,
				F1C2BABE1A25E6170032FAE9 /* AppDelegate.m */,
				F1C2BAC01A25E6170032FAE9 /* ViewController.h */,
				F1C2BAC11A25E6170032FAE9 /* ViewController.m */,
				F1C2BAE01A25E63C0032FAE9 /* MobileAPI.h */,
				F1C2BADF1A25E63C0032FAE9 /* MobileAPI.m */,
				F1C2BAC31A25E6170032FAE9 /* Main.storyboard */,
				F1C2BAC61A25E6170032FAE9 /* Images.xcassets */,
				F1C2BAC81A25E6170032FAE9 /* LaunchScreen.xib */,
				F1C2BAB91A25E6170032FAE9 /* Supporting Files */,
			);
			path = PaymentDemo;
			sourceTree = "<group>";
		};
		F1C2BAB91A25E6170032FAE9 /* Supporting Files */ = {
			isa = PBXGroup;
			children = (
				F1C2BABA1A25E6170032FAE9 /* Info.plist */,
				F1C2BABB1A25E6170032FAE9 /* main.m */,
			);
			name = "Supporting Files";
			sourceTree = "<group>";
		};
		F1C2BAD21A25E6170032FAE9 /* PaymentDemoTests */ = {
			isa = PBXGroup;
			children = (
				F1C2BAD51A25E6170032FAE9 /* PaymentDemoTests.m */,
				F1C2BAD31A25E6170032FAE9 /* Supporting Files */,
			);
			path = PaymentDemoTests;
			sourceTree = "<group>";
		};
		F1C2BAD31A25E6170032FAE9 /* Supporting Files */ = {
			isa = PBXGroup;
			children = (
				F1C2BAD41A25E6170032FAE9 /* Info.plist */,
			);
			name = "Supporting Files";
			sourceTree = "<group>";
		};
/* End PBXGroup section */

/* Begin PBXNativeTarget section */
		F1C2BAB51A25E6170032FAE9 /* PaymentDemo */ = {
			isa = PBXNativeTarget;
			buildConfigurationList = F1C2BAD91A25E6170032FAE9 /* Build configuration list for PBXNativeTarget "PaymentDemo" */;
			buildPhases = (
				F1C2BAB21A25E6170032FAE9 /* Sources */,
				F1C2BAB31A25E6170032FAE9 /* Frameworks */,
				F1C2BAB41A25E6170032FAE9 /* Resources */,
			);
			buildRules = (
			);
			dependencies = (
			);
			name = PaymentDemo;
			productName = PaymentDemo;
			productReference = F1C2BAB61A25E6170032FAE9 /* PaymentDemo.app */;
			productType = "com.apple.product-type.application";
		};
		F1C2BACE1A25E6170032FAE9 /* PaymentDemoTests */ = {
			isa = PBXNativeTarget;
			buildConfigurationList = F1C2BADC1A25E6170032FAE9 /* Build configuration list for PBXNativeTarget "PaymentDemoTests" */;
			buildPhases = (
				F1C2BACB1A25E6170032FAE9 /* Sources */,
				F1C2BACC1A25E6170032FAE9 /* Frameworks */,
				F1C2BACD1A25E6170032FAE9 /* Resources */,
			);
			buildRules = (
			);
			dependencies = (
				F1C2BAD11A25E6170032FAE9 /* PBXTargetDependency */,
			);
			name = PaymentDemoTests;
			productName = PaymentDemoTests;
			productReference = F1C2BACF1A25E6170032FAE9 /* PaymentDemoTests.xctest */;
			productType = "com.apple.product-type.bundle.unit-test";
		};
/* End PBXNativeTarget section */

/* Begin PBXProject section */
		F1C2BAAE1A25E6170032FAE9 /* Project object */ = {
			isa = PBXProject;
			attributes = {
				LastUpgradeCheck = 0610;
				ORGANIZATIONNAME = "Viva Payments";
				TargetAttributes = {
					F1C2BAB51A25E6170032FAE9 = {
						CreatedOnToolsVersion = 6.1;
					};
					F1C2BACE1A25E6170032FAE9 = {
						CreatedOnToolsVersion = 6.1;
						TestTargetID = F1C2BAB51A25E6170032FAE9;
					};
				};
			};
			buildConfigurationList = F1C2BAB11A25E6170032FAE9 /* Build configuration list for PBXProject "PaymentDemo" */;
			compatibilityVersion = "Xcode 3.2";
			developmentRegion = English;
			hasScannedForEncodings = 0;
			knownRegions = (
				en,
				Base,
			);
			mainGroup = F1C2BAAD1A25E6170032FAE9;
			productRefGroup = F1C2BAB71A25E6170032FAE9 /* Products */;
			projectDirPath = "";
			projectRoot = "";
			targets = (
				F1C2BAB51A25E6170032FAE9 /* PaymentDemo */,
				F1C2BACE1A25E6170032FAE9 /* PaymentDemoTests */,
			);
		};
/* End PBXProject section */

/* Begin PBXResourcesBuildPhase section */
		F1C2BAB41A25E6170032FAE9 /* Resources */ = {
			isa = PBXResourcesBuildPhase;
			buildActionMask = 2147483647;
			files = (
				F1C2BAC51A25E6170032FAE9 /* Main.storyboard in Resources */,
				F1C2BACA1A25E6170032FAE9 /* LaunchScreen.xib in Resources */,
				F1C2BAC71A25E6170032FAE9 /* Images.xcassets in Resources */,
			);
			runOnlyForDeploymentPostprocessing = 0;
		};
		F1C2BACD1A25E6170032FAE9 /* Resources */ = {
			isa = PBXResourcesBuildPhase;
			buildActionMask = 2147483647;
			files = (
			);
			runOnlyForDeploymentPostprocessing = 0;
		};
/* End PBXResourcesBuildPhase section */

/* Begin PBXSourcesBuildPhase section */
		F1C2BAB21A25E6170032FAE9 /* Sources */ = {
			isa = PBXSourcesBuildPhase;
			buildActionMask = 2147483647;
			files = (
				F1C2BAE11A25E63C0032FAE9 /* MobileAPI.m in Sources */,
				F1C2BAC21A25E6170032FAE9 /* ViewController.m in Sources */,
				F1C2BABF1A25E6170032FAE9 /* AppDelegate.m in Sources */,
				F1C2BABC1A25E6170032FAE9 /* main.m in Sources */,
			);
			runOnlyForDeploymentPostprocessing = 0;
		};
		F1C2BACB1A25E6170032FAE9 /* Sources */ = {
			isa = PBXSourcesBuildPhase;
			buildActionMask = 2147483647;
			files = (
				F1C2BAD61A25E6170032FAE9 /* PaymentDemoTests.m in Sources */,
			);
			runOnlyForDeploymentPostprocessing = 0;
		};
/* End PBXSourcesBuildPhase section */

/* Begin PBXTargetDependency section */
		F1C2BAD11A25E6170032FAE9 /* PBXTargetDependency */ = {
			isa = PBXTargetDependency;
			target = F1C2BAB51A25E6170032FAE9 /* PaymentDemo */;
			targetProxy = F1C2BAD01A25E6170032FAE9 /* PBXContainerItemProxy */;
		};
/* End PBXTargetDependency section */

/* Begin PBXVariantGroup section */
		F1C2BAC31A25E6170032FAE9 /* Main.storyboard */ = {
			isa = PBXVariantGroup;
			children = (
				F1C2BAC41A25E6170032FAE9 /* Base */,
			);
			name = Main.storyboard;
			sourceTree = "<group>";
		};
		F1C2BAC81A25E6170032FAE9 /* LaunchScreen.xib */ = {
			isa = PBXVariantGroup;
			children = (
				F1C2BAC91A25E6170032FAE9 /* Base */,
			);
			name = LaunchScreen.xib;
			sourceTree = "<group>";
		};
/* End PBXVariantGroup section */

/* Begin XCBuildConfiguration section */
		F1C2BAD71A25E6170032FAE9 /* Debug */ = {
			isa = XCBuildConfiguration;
			buildSettings = {
				ALWAYS_SEARCH_USER_PATHS = NO;
				CLANG_CXX_LANGUAGE_STANDARD = "gnu++0x";
				CLANG_CXX_LIBRARY = "libc++";
				CLANG_ENABLE_MODULES = YES;
				CLANG_ENABLE_OBJC_ARC = YES;
				CLANG_WARN_BOOL_CONVERSION = YES;
				CLANG_WARN_CONSTANT_CONVERSION = YES;
				CLANG_WARN_DIRECT_OBJC_ISA_USAGE = YES_ERROR;
				CLANG_WARN_EMPTY_BODY = YES;
				CLANG_WARN_ENUM_CONVERSION = YES;
				CLANG_WARN_INT_CONVERSION = YES;
				CLANG_WARN_OBJC_ROOT_CLASS = YES_ERROR;
				CLANG_WARN_UNREACHABLE_CODE = YES;
				CLANG_WARN__DUPLICATE_METHOD_MATCH = YES;
				"CODE_SIGN_IDENTITY[sdk=iphoneos*]" = "iPhone Developer";
				COPY_PHASE_STRIP = NO;
				ENABLE_STRICT_OBJC_MSGSEND = YES;
				GCC_C_LANGUAGE_STANDARD = gnu99;
				GCC_DYNAMIC_NO_PIC = NO;
				GCC_OPTIMIZATION_LEVEL = 0;
				GCC_PREPROCESSOR_DEFINITIONS = (
					"DEBUG=1",
					"$(inherited)",
				);
				GCC_SYMBOLS_PRIVATE_EXTERN = NO;
				GCC_WARN_64_TO_32_BIT_CONVERSION = YES;
				GCC_WARN_ABOUT_RETURN_TYPE = YES_ERROR;
				GCC_WARN_UNDECLARED_SELECTOR = YES;
				GCC_WARN_UNINITIALIZED_AUTOS = YES_AGGRESSIVE;
				GCC_WARN_UNUSED_FUNCTION = YES;
				GCC_WARN_UNUSED_VARIABLE = YES;
				IPHONEOS_DEPLOYMENT_TARGET = 7.0;
				MTL_ENABLE_DEBUG_INFO = YES;
				ONLY_ACTIVE_ARCH = YES;
				SDKROOT = iphoneos;
			};
			name = Debug;
		};
		F1C2BAD81A25E6170032FAE9 /* Release */ = {
			isa = XCBuildConfiguration;
			buildSettings = {
				ALWAYS_SEARCH_USER_PATHS = NO;
				CLANG_CXX_LANGUAGE_STANDARD = "gnu++0x";
				CLANG_CXX_LIBRARY = "libc++";
				CLANG_ENABLE_MODULES = YES;
				CLANG_ENABLE_OBJC_ARC = YES;
				CLANG_WARN_BOOL_CONVERSION = YES;
				CLANG_WARN_CONSTANT_CONVERSION = YES;
				CLANG_WARN_DIRECT_OBJC_ISA_USAGE = YES_ERROR;
				CLANG_WARN_EMPTY_BODY = YES;
				CLANG_WARN_ENUM_CONVERSION = YES;
				CLANG_WARN_INT_CONVERSION = YES;
				CLANG_WARN_OBJC_ROOT_CLASS = YES_ERROR;
				CLANG_WARN_UNREACHABLE_CODE = YES;
				CLANG_WARN__DUPLICATE_METHOD_MATCH = YES;
				"CODE_SIGN_IDENTITY[sdk=iphoneos*]" = "iPhone Developer";
				COPY_PHASE_STRIP = YES;
				ENABLE_NS_ASSERTIONS = NO;
				ENABLE_STRICT_OBJC_MSGSEND = YES;
				GCC_C_LANGUAGE_STANDARD = gnu99;
				GCC_WARN_64_TO_32_BIT_CONVERSION = YES;
				GCC_WARN_ABOUT_RETURN_TYPE = YES_ERROR;
				GCC_WARN_UNDECLARED_SELECTOR = YES;
				GCC_WARN_UNINITIALIZED_AUTOS = YES_AGGRESSIVE;
				GCC_WARN_UNUSED_FUNCTION = YES;
				GCC_WARN_UNUSED_VARIABLE = YES;
				IPHONEOS_DEPLOYMENT_TARGET = 7.0;
				MTL_ENABLE_DEBUG_INFO = NO;
				SDKROOT = iphoneos;
				VALIDATE_PRODUCT = YES;
			};
			name = Release;
		};
		F1C2BADA1A25E6170032FAE9 /* Debug */ = {
			isa = XCBuildConfiguration;
			buildSettings = {
				ASSETCATALOG_COMPILER_APPICON_NAME = AppIcon;
				INFOPLIST_FILE = PaymentDemo/Info.plist;
				LD_RUNPATH_SEARCH_PATHS = "$(inherited) @executable_path/Frameworks";
				PRODUCT_NAME = "$(TARGET_NAME)";
			};
			name = Debug;
		};
		F1C2BADB1A25E6170032FAE9 /* Release */ = {
			isa = XCBuildConfiguration;
			buildSettings = {
				ASSETCATALOG_COMPILER_APPICON_NAME = AppIcon;
				INFOPLIST_FILE = PaymentDemo/Info.plist;
				LD_RUNPATH_SEARCH_PATHS = "$(inherited) @executable_path/Frameworks";
				PRODUCT_NAME = "$(TARGET_NAME)";
			};
			name = Release;
		};
		F1C2BADD1A25E6170032FAE9 /* Debug */ = {
			isa = XCBuildConfiguration;
			buildSettings = {
				BUNDLE_LOADER = "$(TEST_HOST)";
				FRAMEWORK_SEARCH_PATHS = (
					"$(SDKROOT)/Developer/Library/Frameworks",
					"$(inherited)",
				);
				GCC_PREPROCESSOR_DEFINITIONS = (
					"DEBUG=1",
					"$(inherited)",
				);
				INFOPLIST_FILE = PaymentDemoTests/Info.plist;
				LD_RUNPATH_SEARCH_PATHS = "$(inherited) @executable_path/Frameworks @loader_path/Frameworks";
				PRODUCT_NAME = "$(TARGET_NAME)";
				TEST_HOST = "$(BUILT_PRODUCTS_DIR)/PaymentDemo.app/PaymentDemo";
			};
			name = Debug;
		};
		F1C2BADE1A25E6170032FAE9 /* Release */ = {
			isa = XCBuildConfiguration;
			buildSettings = {
				BUNDLE_LOADER = "$(TEST_HOST)";
				FRAMEWORK_SEARCH_PATHS = (
					"$(SDKROOT)/Developer/Library/Frameworks",
					"$(inherited)",
				);
				INFOPLIST_FILE = PaymentDemoTests/Info.plist;
				LD_RUNPATH_SEARCH_PATHS = "$(inherited) @executable_path/Frameworks @loader_path/Frameworks";
				PRODUCT_NAME = "$(TARGET_NAME)";
				TEST_HOST = "$(BUILT_PRODUCTS_DIR)/PaymentDemo.app/PaymentDemo";
			};
			name = Release;
		};
/* End XCBuildConfiguration section */

/* Begin XCConfigurationList section */
		F1C2BAB11A25E6170032FAE9 /* Build configuration list for PBXProject "PaymentDemo" */ = {
			isa = XCConfigurationList;
			buildConfigurations = (
				F1C2BAD71A25E6170032FAE9 /* Debug */,
				F1C2BAD81A25E6170032FAE9 /* Release */,
			);
			defaultConfigurationIsVisible = 0;
			defaultConfigurationName = Release;
		};
		F1C2BAD91A25E6170032FAE9 /* Build configuration list for PBXNativeTarget "PaymentDemo" */ = {
			isa = XCConfigurationList;
			buildConfigurations = (
				F1C2BADA1A25E6170032FAE9 /* Debug */,
				F1C2BADB1A25E6170032FAE9 /* Release */,
			);
			defaultConfigurationIsVisible = 0;
		};
		F1C2BADC1A25E6170032FAE9 /* Build configuration list for PBXNativeTarget "PaymentDemoTests" */ = {
			isa = XCConfigurationList;
			buildConfigurations = (
				F1C2BADD1A25E6170032FAE9 /* Debug */,
				F1C2BADE1A25E6170032FAE9 /* Release */,
			);
			defaultConfigurationIsVisible = 0;
		};
/* End XCConfigurationList section */
	};
	rootObject = F1C2BAAE1A25E6170032FAE9 /* Project object */;
}
